
Microsoft Visual Studio Solution File, Format Version 12.00
# Visual Studio Version 17
VisualStudioVersion = 17.4.33403.182
MinimumVisualStudioVersion = 10.0.40219.1
Project("{FAE04EC0-301F-11D3-BF4B-00C04F79EFBC}") = "Task HaHa", "Task HaHa\Task HaHa.csproj", "{E2CC598B-3C19-44BC-9F5B-7558A6952433}"
EndProject
Global
	GlobalSection(SolutionConfigurationPlatforms) = preSolution
		Debug|Any CPU = Debug|Any CPU
		Release|Any CPU = Release|Any CPU
	EndGlobalSection
	GlobalSection(ProjectConfigurationPlatforms) = postSolution
		{E2CC598B-3C19-44BC-9F5B-7558A6952433}.Debug|Any CPU.ActiveCfg = Debug|Any CPU
		{E2CC598B-3C19-44BC-9F5B-7558A6952433}.Debug|Any CPU.Build.0 = Debug|Any CPU
		{E2CC598B-3C19-44BC-9F5B-7558A6952433}.Release|Any CPU.ActiveCfg = Release|Any CPU
		{E2CC598B-3C19-44BC-9F5B-7558A6952433}.Release|Any CPU.Build.0 = Release|Any CPU
	EndGlobalSection
	GlobalSection(SolutionProperties) = preSolution
		HideSolutionNode = FALSE
	EndGlobalSection
	GlobalSection(ExtensibilityGlobals) = postSolution
		SolutionGuid = {737F3B1E-EBB7-4735-B889-08C389365940}
	EndGlobalSection
EndGlobal
