
Microsoft Visual Studio Solution File, Format Version 12.00
# Visual Studio Version 17
VisualStudioVersion = 17.4.33403.182
MinimumVisualStudioVersion = 10.0.40219.1
Project("{FAE04EC0-301F-11D3-BF4B-00C04F79EFBC}") = "CustomList", "ConsoleApp2\CustomList.csproj", "{F68B3B81-25D5-4F49-B3C6-673404785006}"
EndProject
Global
	GlobalSection(SolutionConfigurationPlatforms) = preSolution
		Debug|Any CPU = Debug|Any CPU
		Release|Any CPU = Release|Any CPU
	EndGlobalSection
	GlobalSection(ProjectConfigurationPlatforms) = postSolution
		{F68B3B81-25D5-4F49-B3C6-673404785006}.Debug|Any CPU.ActiveCfg = Debug|Any CPU
		{F68B3B81-25D5-4F49-B3C6-673404785006}.Debug|Any CPU.Build.0 = Debug|Any CPU
		{F68B3B81-25D5-4F49-B3C6-673404785006}.Release|Any CPU.ActiveCfg = Release|Any CPU
		{F68B3B81-25D5-4F49-B3C6-673404785006}.Release|Any CPU.Build.0 = Release|Any CPU
	EndGlobalSection
	GlobalSection(SolutionProperties) = preSolution
		HideSolutionNode = FALSE
	EndGlobalSection
	GlobalSection(ExtensibilityGlobals) = postSolution
		SolutionGuid = {344880F7-A96A-4E41-AB44-BD4CF1A7A2E4}
	EndGlobalSection
EndGlobal
