
Microsoft Visual Studio Solution File, Format Version 12.00
# Visual Studio Version 17
VisualStudioVersion = 17.4.33403.182
MinimumVisualStudioVersion = 10.0.40219.1
Project("{FAE04EC0-301F-11D3-BF4B-00C04F79EFBC}") = "CustomeListMethod", "CustomeListMethod\CustomeListMethod.csproj", "{412D94D8-8354-42FC-92EB-3008F5B446BB}"
EndProject
Global
	GlobalSection(SolutionConfigurationPlatforms) = preSolution
		Debug|Any CPU = Debug|Any CPU
		Release|Any CPU = Release|Any CPU
	EndGlobalSection
	GlobalSection(ProjectConfigurationPlatforms) = postSolution
		{412D94D8-8354-42FC-92EB-3008F5B446BB}.Debug|Any CPU.ActiveCfg = Debug|Any CPU
		{412D94D8-8354-42FC-92EB-3008F5B446BB}.Debug|Any CPU.Build.0 = Debug|Any CPU
		{412D94D8-8354-42FC-92EB-3008F5B446BB}.Release|Any CPU.ActiveCfg = Release|Any CPU
		{412D94D8-8354-42FC-92EB-3008F5B446BB}.Release|Any CPU.Build.0 = Release|Any CPU
	EndGlobalSection
	GlobalSection(SolutionProperties) = preSolution
		HideSolutionNode = FALSE
	EndGlobalSection
	GlobalSection(ExtensibilityGlobals) = postSolution
		SolutionGuid = {1EFD75AC-A3FA-4866-8123-CBE6198FAA71}
	EndGlobalSection
EndGlobal
