
Microsoft Visual Studio Solution File, Format Version 12.00
# Visual Studio Version 17
VisualStudioVersion = 17.4.33403.182
MinimumVisualStudioVersion = 10.0.40219.1
Project("{FAE04EC0-301F-11D3-BF4B-00C04F79EFBC}") = "Custom Join Method", "Custom Join Method\Custom Join Method.csproj", "{EFAA04DF-B7BC-41AE-984B-57BC0451AD7A}"
EndProject
Global
	GlobalSection(SolutionConfigurationPlatforms) = preSolution
		Debug|Any CPU = Debug|Any CPU
		Release|Any CPU = Release|Any CPU
	EndGlobalSection
	GlobalSection(ProjectConfigurationPlatforms) = postSolution
		{EFAA04DF-B7BC-41AE-984B-57BC0451AD7A}.Debug|Any CPU.ActiveCfg = Debug|Any CPU
		{EFAA04DF-B7BC-41AE-984B-57BC0451AD7A}.Debug|Any CPU.Build.0 = Debug|Any CPU
		{EFAA04DF-B7BC-41AE-984B-57BC0451AD7A}.Release|Any CPU.ActiveCfg = Release|Any CPU
		{EFAA04DF-B7BC-41AE-984B-57BC0451AD7A}.Release|Any CPU.Build.0 = Release|Any CPU
	EndGlobalSection
	GlobalSection(SolutionProperties) = preSolution
		HideSolutionNode = FALSE
	EndGlobalSection
	GlobalSection(ExtensibilityGlobals) = postSolution
		SolutionGuid = {710D5108-32BB-4FA0-867C-A0C590AE0A47}
	EndGlobalSection
EndGlobal
